
Microsoft Visual Studio Solution File, Format Version 12.00
Project("{FAE04EC0-301F-11D3-BF4B-00C04F79EFBC}") = "SourceGenerators.ReactiveCommands", "SourceGenerators.ReactiveCommands\SourceGenerators.ReactiveCommands.csproj", "{6B0DC577-1DD3-4EBE-B0CD-E96DE480B9B4}"
EndProject
Project("{FAE04EC0-301F-11D3-BF4B-00C04F79EFBC}") = "GenerationTest", "GenerationTest\GenerationTest.csproj", "{8B8505F1-A82A-4A80-8067-EC607AAECB80}"
EndProject
Project("{FAE04EC0-301F-11D3-BF4B-00C04F79EFBC}") = "SourceGenerators.ReactiveCommands.Core", "SourceGenerators.ReactiveCommands.Core\SourceGenerators.ReactiveCommands.Core.csproj", "{3ABB9B9D-4D4B-4496-A544-988450E064D6}"
EndProject
Global
	GlobalSection(SolutionConfigurationPlatforms) = preSolution
		Debug|Any CPU = Debug|Any CPU
		Release|Any CPU = Release|Any CPU
	EndGlobalSection
	GlobalSection(ProjectConfigurationPlatforms) = postSolution
		{6B0DC577-1DD3-4EBE-B0CD-E96DE480B9B4}.Debug|Any CPU.ActiveCfg = Debug|Any CPU
		{6B0DC577-1DD3-4EBE-B0CD-E96DE480B9B4}.Debug|Any CPU.Build.0 = Debug|Any CPU
		{6B0DC577-1DD3-4EBE-B0CD-E96DE480B9B4}.Release|Any CPU.ActiveCfg = Release|Any CPU
		{6B0DC577-1DD3-4EBE-B0CD-E96DE480B9B4}.Release|Any CPU.Build.0 = Release|Any CPU
		{8B8505F1-A82A-4A80-8067-EC607AAECB80}.Debug|Any CPU.ActiveCfg = Debug|Any CPU
		{8B8505F1-A82A-4A80-8067-EC607AAECB80}.Debug|Any CPU.Build.0 = Debug|Any CPU
		{8B8505F1-A82A-4A80-8067-EC607AAECB80}.Release|Any CPU.ActiveCfg = Release|Any CPU
		{8B8505F1-A82A-4A80-8067-EC607AAECB80}.Release|Any CPU.Build.0 = Release|Any CPU
		{3ABB9B9D-4D4B-4496-A544-988450E064D6}.Debug|Any CPU.ActiveCfg = Debug|Any CPU
		{3ABB9B9D-4D4B-4496-A544-988450E064D6}.Debug|Any CPU.Build.0 = Debug|Any CPU
		{3ABB9B9D-4D4B-4496-A544-988450E064D6}.Release|Any CPU.ActiveCfg = Release|Any CPU
		{3ABB9B9D-4D4B-4496-A544-988450E064D6}.Release|Any CPU.Build.0 = Release|Any CPU
	EndGlobalSection
EndGlobal
